
Microsoft Visual Studio Solution File, Format Version 12.00
# Visual Studio Version 16
VisualStudioVersion = 16.0.32126.315
MinimumVisualStudioVersion = 10.0.40219.1
Project("{FAE04EC0-301F-11D3-BF4B-00C04F79EFBC}") = "TestRce", "TestRce\TestRce.csproj", "{781727E4-8C37-4644-992A-A87BC0EF7898}"
EndProject
Project("{FAE04EC0-301F-11D3-BF4B-00C04F79EFBC}") = "TestProjectTesting", "TestProjectTesting\TestProjectTesting.csproj", "{CF096F7F-7708-43AE-81ED-E7171C4D6153}"
EndProject
Global
	GlobalSection(SolutionConfigurationPlatforms) = preSolution
		Debug|Any CPU = Debug|Any CPU
		Release|Any CPU = Release|Any CPU
	EndGlobalSection
	GlobalSection(ProjectConfigurationPlatforms) = postSolution
		{781727E4-8C37-4644-992A-A87BC0EF7898}.Debug|Any CPU.ActiveCfg = Debug|Any CPU
		{781727E4-8C37-4644-992A-A87BC0EF7898}.Debug|Any CPU.Build.0 = Debug|Any CPU
		{781727E4-8C37-4644-992A-A87BC0EF7898}.Release|Any CPU.ActiveCfg = Release|Any CPU
		{781727E4-8C37-4644-992A-A87BC0EF7898}.Release|Any CPU.Build.0 = Release|Any CPU
		{CF096F7F-7708-43AE-81ED-E7171C4D6153}.Debug|Any CPU.ActiveCfg = Debug|Any CPU
		{CF096F7F-7708-43AE-81ED-E7171C4D6153}.Debug|Any CPU.Build.0 = Debug|Any CPU
		{CF096F7F-7708-43AE-81ED-E7171C4D6153}.Release|Any CPU.ActiveCfg = Release|Any CPU
		{CF096F7F-7708-43AE-81ED-E7171C4D6153}.Release|Any CPU.Build.0 = Release|Any CPU
	EndGlobalSection
	GlobalSection(SolutionProperties) = preSolution
		HideSolutionNode = FALSE
	EndGlobalSection
	GlobalSection(ExtensibilityGlobals) = postSolution
		SolutionGuid = {CBE1B6F5-A079-46D1-A426-CFD4F7F5B73E}
	EndGlobalSection
EndGlobal
